
Microsoft Visual Studio Solution File, Format Version 12.00
# Visual Studio 15
VisualStudioVersion = 15.0.27004.2006
MinimumVisualStudioVersion = 10.0.40219.1
Project("{FAE04EC0-301F-11D3-BF4B-00C04F79EFBC}") = "MinArea", "MinArea\MinArea.csproj", "{B4AECA7C-395D-4862-8723-74A2C9A43C92}"
EndProject
Global
	GlobalSection(SolutionConfigurationPlatforms) = preSolution
		Debug|Any CPU = Debug|Any CPU
		Release|Any CPU = Release|Any CPU
	EndGlobalSection
	GlobalSection(ProjectConfigurationPlatforms) = postSolution
		{B4AECA7C-395D-4862-8723-74A2C9A43C92}.Debug|Any CPU.ActiveCfg = Debug|Any CPU
		{B4AECA7C-395D-4862-8723-74A2C9A43C92}.Debug|Any CPU.Build.0 = Debug|Any CPU
		{B4AECA7C-395D-4862-8723-74A2C9A43C92}.Release|Any CPU.ActiveCfg = Release|Any CPU
		{B4AECA7C-395D-4862-8723-74A2C9A43C92}.Release|Any CPU.Build.0 = Release|Any CPU
	EndGlobalSection
	GlobalSection(SolutionProperties) = preSolution
		HideSolutionNode = FALSE
	EndGlobalSection
	GlobalSection(ExtensibilityGlobals) = postSolution
		SolutionGuid = {5C20FDAC-29D5-49A1-9B6E-BD91A63E604E}
	EndGlobalSection
EndGlobal
